<?xml version="1.0" encoding="utf-8"?>
<Project ToolsVersion="4.0" xmlns="http://schemas.microsoft.com/developer/msbuild/2003">
  <ItemGroup>
    <Filter Include="extension">
      <UniqueIdentifier>{77124f5c-b228-4042-ac2f-f78a7a5530c5}</UniqueIdentifier>
    </Filter>
  </ItemGroup>
  <ItemGroup>
    <ClInclude Include="CommandIds.h">
      <Filter>extension</Filter>
    </ClInclude>
    <ClInclude Include="Resource.h">
      <Filter>extension</Filter>
    </ClInclude>
  </ItemGroup>
  <ItemGroup>
    <Image Include="Images.png">
      <Filter>extension</Filter>
    </Image>
    <Image Include="Package.ico">
      <Filter>extension</Filter>
    </Image>
  </ItemGroup>
  <ItemGroup>
    <ResourceCompile Include="madhim_vspUI.rc">
      <Filter>extension</Filter>
    </ResourceCompile>
  </ItemGroup>
  <ItemGroup>
    <VSCTCompile Include="PackageCommands.vsct">
      <Filter>extension</Filter>
    </VSCTCompile>
  </ItemGroup>
</Project>